Microsoft Visual Studio Solution File, Format Version 12.00
# Visual Studio 2012
Project("{FAE04EC0-301F-11D3-BF4B-00C04F79EFBC}") = "El Juegazo", "El Juegazo.csproj", "{96543622-3CF7-4D26-BE3F-9F516BE68921}"
EndProject
Global
	GlobalSection(SolutionConfigurationPlatforms) = preSolution
	Debug|Any CPU = Debug|Any CPU
	ExportDebug|Any CPU = ExportDebug|Any CPU
	ExportRelease|Any CPU = ExportRelease|Any CPU
	EndGlobalSection
	GlobalSection(ProjectConfigurationPlatforms) = postSolution
		{96543622-3CF7-4D26-BE3F-9F516BE68921}.Debug|Any CPU.ActiveCfg = Debug|Any CPU
		{96543622-3CF7-4D26-BE3F-9F516BE68921}.Debug|Any CPU.Build.0 = Debug|Any CPU
		{96543622-3CF7-4D26-BE3F-9F516BE68921}.ExportDebug|Any CPU.ActiveCfg = ExportDebug|Any CPU
		{96543622-3CF7-4D26-BE3F-9F516BE68921}.ExportDebug|Any CPU.Build.0 = ExportDebug|Any CPU
		{96543622-3CF7-4D26-BE3F-9F516BE68921}.ExportRelease|Any CPU.ActiveCfg = ExportRelease|Any CPU
		{96543622-3CF7-4D26-BE3F-9F516BE68921}.ExportRelease|Any CPU.Build.0 = ExportRelease|Any CPU
	EndGlobalSection
EndGlobal
